// !$*UTF8*$!
{
	archiveVersion = 1;
	classes = {
	};
	objectVersion = 50;
	objects = {

/* Begin PBXBuildFile section */
		0628CC6922628A3A00E66DBF /* DetailViewController.swift in Sources */ = {isa = PBXBuildFile; fileRef = 0628CC6822628A3A00E66DBF /* DetailViewController.swift */; };
		0652B0402251648F00C47153 /* MyTableViewController.swift in Sources */ = {isa = PBXBuildFile; fileRef = 0652B03F2251648F00C47153 /* MyTableViewController.swift */; };
		0652B04422516FA700C47153 /* TheTableViewCell.swift in Sources */ = {isa = PBXBuildFile; fileRef = 0652B04322516FA700C47153 /* TheTableViewCell.swift */; };
		067D205722514E1900B7940C /* AppDelegate.swift in Sources */ = {isa = PBXBuildFile; fileRef = 067D205622514E1900B7940C /* AppDelegate.swift */; };
		067D205C22514E1900B7940C /* Main.storyboard in Resources */ = {isa = PBXBuildFile; fileRef = 067D205A22514E1900B7940C /* Main.storyboard */; };
		067D205E22514E1A00B7940C /* Assets.xcassets in Resources */ = {isa = PBXBuildFile; fileRef = 067D205D22514E1A00B7940C /* Assets.xcassets */; };
		067D206122514E1A00B7940C /* LaunchScreen.storyboard in Resources */ = {isa = PBXBuildFile; fileRef = 067D205F22514E1A00B7940C /* LaunchScreen.storyboard */; };
		068A11B0227BA149002874EB /* FirstPageViewController.swift in Sources */ = {isa = PBXBuildFile; fileRef = 068A11AF227BA149002874EB /* FirstPageViewController.swift */; };
		06B04ABE228AEB0500E18178 /* SwiftyJSON.swift in Sources */ = {isa = PBXBuildFile; fileRef = 06B04ABD228AEB0500E18178 /* SwiftyJSON.swift */; };
/* End PBXBuildFile section */

/* Begin PBXFileReference section */
		0628CC6822628A3A00E66DBF /* DetailViewController.swift */ = {isa = PBXFileReference; lastKnownFileType = sourcecode.swift; path = DetailViewController.swift; sourceTree = "<group>"; };
		0652B03F2251648F00C47153 /* MyTableViewController.swift */ = {isa = PBXFileReference; lastKnownFileType = sourcecode.swift; path = MyTableViewController.swift; sourceTree = "<group>"; wrapsLines = 0; };
		0652B04322516FA700C47153 /* TheTableViewCell.swift */ = {isa = PBXFileReference; lastKnownFileType = sourcecode.swift; path = TheTableViewCell.swift; sourceTree = "<group>"; };
		067D205322514E1900B7940C /* termProject.app */ = {isa = PBXFileReference; explicitFileType = wrapper.application; includeInIndex = 0; path = termProject.app; sourceTree = BUILT_PRODUCTS_DIR; };
		067D205622514E1900B7940C /* AppDelegate.swift */ = {isa = PBXFileReference; lastKnownFileType = sourcecode.swift; path = AppDelegate.swift; sourceTree = "<group>"; };
		067D205B22514E1900B7940C /* Base */ = {isa = PBXFileReference; lastKnownFileType = file.storyboard; name = Base; path = Base.lproj/Main.storyboard; sourceTree = "<group>"; };
		067D205D22514E1A00B7940C /* Assets.xcassets */ = {isa = PBXFileReference; lastKnownFileType = folder.assetcatalog; path = Assets.xcassets; sourceTree = "<group>"; };
		067D206022514E1A00B7940C /* Base */ = {isa = PBXFileReference; lastKnownFileType = file.storyboard; name = Base; path = Base.lproj/LaunchScreen.storyboard; sourceTree = "<group>"; };
		067D206222514E1A00B7940C /* Info.plist */ = {isa = PBXFileReference; lastKnownFileType = text.plist.xml; path = Info.plist; sourceTree = "<group>"; };
		068A11AF227BA149002874EB /* FirstPageViewController.swift */ = {isa = PBXFileReference; lastKnownFileType = sourcecode.swift; path = FirstPageViewController.swift; sourceTree = "<group>"; };
		06B04ABD228AEB0500E18178 /* SwiftyJSON.swift */ = {isa = PBXFileReference; fileEncoding = 4; lastKnownFileType = sourcecode.swift; path = SwiftyJSON.swift; sourceTree = "<group>"; };
/* End PBXFileReference section */

/* Begin PBXFrameworksBuildPhase section */
		067D205022514E1900B7940C /* Frameworks */ = {
			isa = PBXFrameworksBuildPhase;
			buildActionMask = 2147483647;
			files = (
			);
			runOnlyForDeploymentPostprocessing = 0;
		};
/* End PBXFrameworksBuildPhase section */

/* Begin PBXGroup section */
		067D204A22514E1900B7940C = {
			isa = PBXGroup;
			children = (
				067D205522514E1900B7940C /* termProject */,
				067D205422514E1900B7940C /* Products */,
			);
			sourceTree = "<group>";
		};
		067D205422514E1900B7940C /* Products */ = {
			isa = PBXGroup;
			children = (
				067D205322514E1900B7940C /* termProject.app */,
			);
			name = Products;
			sourceTree = "<group>";
		};
		067D205522514E1900B7940C /* termProject */ = {
			isa = PBXGroup;
			children = (
				06B04ABD228AEB0500E18178 /* SwiftyJSON.swift */,
				067D205622514E1900B7940C /* AppDelegate.swift */,
				067D205A22514E1900B7940C /* Main.storyboard */,
				068A11AF227BA149002874EB /* FirstPageViewController.swift */,
				0652B04322516FA700C47153 /* TheTableViewCell.swift */,
				0652B03F2251648F00C47153 /* MyTableViewController.swift */,
				0628CC6822628A3A00E66DBF /* DetailViewController.swift */,
				067D205D22514E1A00B7940C /* Assets.xcassets */,
				067D205F22514E1A00B7940C /* LaunchScreen.storyboard */,
				067D206222514E1A00B7940C /* Info.plist */,
			);
			path = termProject;
			sourceTree = "<group>";
		};
/* End PBXGroup section */

/* Begin PBXNativeTarget section */
		067D205222514E1900B7940C /* termProject */ = {
			isa = PBXNativeTarget;
			buildConfigurationList = 067D206522514E1A00B7940C /* Build configuration list for PBXNativeTarget "termProject" */;
			buildPhases = (
				067D204F22514E1900B7940C /* Sources */,
				067D205022514E1900B7940C /* Frameworks */,
				067D205122514E1900B7940C /* Resources */,
			);
			buildRules = (
			);
			dependencies = (
			);
			name = termProject;
			productName = termProject;
			productReference = 067D205322514E1900B7940C /* termProject.app */;
			productType = "com.apple.product-type.application";
		};
/* End PBXNativeTarget section */

/* Begin PBXProject section */
		067D204B22514E1900B7940C /* Project object */ = {
			isa = PBXProject;
			attributes = {
				LastSwiftUpdateCheck = 1010;
				LastUpgradeCheck = 1010;
				ORGANIZATIONNAME = "Christian Lopez";
				TargetAttributes = {
					067D205222514E1900B7940C = {
						CreatedOnToolsVersion = 10.1;
					};
				};
			};
			buildConfigurationList = 067D204E22514E1900B7940C /* Build configuration list for PBXProject "termProject" */;
			compatibilityVersion = "Xcode 9.3";
			developmentRegion = en;
			hasScannedForEncodings = 0;
			knownRegions = (
				en,
				Base,
			);
			mainGroup = 067D204A22514E1900B7940C;
			productRefGroup = 067D205422514E1900B7940C /* Products */;
			projectDirPath = "";
			projectRoot = "";
			targets = (
				067D205222514E1900B7940C /* termProject */,
			);
		};
/* End PBXProject section */

/* Begin PBXResourcesBuildPhase section */
		067D205122514E1900B7940C /* Resources */ = {
			isa = PBXResourcesBuildPhase;
			buildActionMask = 2147483647;
			files = (
				067D206122514E1A00B7940C /* LaunchScreen.storyboard in Resources */,
				067D205E22514E1A00B7940C /* Assets.xcassets in Resources */,
				067D205C22514E1900B7940C /* Main.storyboard in Resources */,
			);
			runOnlyForDeploymentPostprocessing = 0;
		};
/* End PBXResourcesBuildPhase section */

/* Begin PBXSourcesBuildPhase section */
		067D204F22514E1900B7940C /* Sources */ = {
			isa = PBXSourcesBuildPhase;
			buildActionMask = 2147483647;
			files = (
				068A11B0227BA149002874EB /* FirstPageViewController.swift in Sources */,
				0652B04422516FA700C47153 /* TheTableViewCell.swift in Sources */,
				067D205722514E1900B7940C /* AppDelegate.swift in Sources */,
				06B04ABE228AEB0500E18178 /* SwiftyJSON.swift in Sources */,
				0652B0402251648F00C47153 /* MyTableViewController.swift in Sources */,
				0628CC6922628A3A00E66DBF /* DetailViewController.swift in Sources */,
			);
			runOnlyForDeploymentPostprocessing = 0;
		};
/* End PBXSourcesBuildPhase section */

/* Begin PBXVariantGroup section */
		067D205A22514E1900B7940C /* Main.storyboard */ = {
			isa = PBXVariantGroup;
			children = (
				067D205B22514E1900B7940C /* Base */,
			);
			name = Main.storyboard;
			sourceTree = "<group>";
		};
		067D205F22514E1A00B7940C /* LaunchScreen.storyboard */ = {
			isa = PBXVariantGroup;
			children = (
				067D206022514E1A00B7940C /* Base */,
			);
			name = LaunchScreen.storyboard;
			sourceTree = "<group>";
		};
/* End PBXVariantGroup section */

/* Begin XCBuildConfiguration section */
		067D206322514E1A00B7940C /* Debug */ = {
			isa = XCBuildConfiguration;
			buildSettings = {
				ALWAYS_SEARCH_USER_PATHS = NO;
				CLANG_ANALYZER_NONNULL = YES;
				CLANG_ANALYZER_NUMBER_OBJECT_CONVERSION = YES_AGGRESSIVE;
				CLANG_CXX_LANGUAGE_STANDARD = "gnu++14";
				CLANG_CXX_LIBRARY = "libc++";
				CLANG_ENABLE_MODULES = YES;
				CLANG_ENABLE_OBJC_ARC = YES;
				CLANG_ENABLE_OBJC_WEAK = YES;
				CLANG_WARN_BLOCK_CAPTURE_AUTORELEASING = YES;
				CLANG_WARN_BOOL_CONVERSION = YES;
				CLANG_WARN_COMMA = YES;
				CLANG_WARN_CONSTANT_CONVERSION = YES;
				CLANG_WARN_DEPRECATED_OBJC_IMPLEMENTATIONS = YES;
				CLANG_WARN_DIRECT_OBJC_ISA_USAGE = YES_ERROR;
				CLANG_WARN_DOCUMENTATION_COMMENTS = YES;
				CLANG_WARN_EMPTY_BODY = YES;
				CLANG_WARN_ENUM_CONVERSION = YES;
				CLANG_WARN_INFINITE_RECURSION = YES;
				CLANG_WARN_INT_CONVERSION = YES;
				CLANG_WARN_NON_LITERAL_NULL_CONVERSION = YES;
				CLANG_WARN_OBJC_IMPLICIT_RETAIN_SELF = YES;
				CLANG_WARN_OBJC_LITERAL_CONVERSION = YES;
				CLANG_WARN_OBJC_ROOT_CLASS = YES_ERROR;
				CLANG_WARN_RANGE_LOOP_ANALYSIS = YES;
				CLANG_WARN_STRICT_PROTOTYPES = YES;
				CLANG_WARN_SUSPICIOUS_MOVE = YES;
				CLANG_WARN_UNGUARDED_AVAILABILITY = YES_AGGRESSIVE;
				CLANG_WARN_UNREACHABLE_CODE = YES;
				CLANG_WARN__DUPLICATE_METHOD_MATCH = YES;
				CODE_SIGN_IDENTITY = "iPhone Developer";
				COPY_PHASE_STRIP = NO;
				DEBUG_INFORMATION_FORMAT = dwarf;
				ENABLE_STRICT_OBJC_MSGSEND = YES;
				ENABLE_TESTABILITY = YES;
				GCC_C_LANGUAGE_STANDARD = gnu11;
				GCC_DYNAMIC_NO_PIC = NO;
				GCC_NO_COMMON_BLOCKS = YES;
				GCC_OPTIMIZATION_LEVEL = 0;
				GCC_PREPROCESSOR_DEFINITIONS = (
					"DEBUG=1",
					"$(inherited)",
				);
				GCC_WARN_64_TO_32_BIT_CONVERSION = YES;
				GCC_WARN_ABOUT_RETURN_TYPE = YES_ERROR;
				GCC_WARN_UNDECLARED_SELECTOR = YES;
				GCC_WARN_UNINITIALIZED_AUTOS = YES_AGGRESSIVE;
				GCC_WARN_UNUSED_FUNCTION = YES;
				GCC_WARN_UNUSED_VARIABLE = YES;
				IPHONEOS_DEPLOYMENT_TARGET = 12.1;
				MTL_ENABLE_DEBUG_INFO = INCLUDE_SOURCE;
				MTL_FAST_MATH = YES;
				ONLY_ACTIVE_ARCH = YES;
				SDKROOT = iphoneos;
				SWIFT_ACTIVE_COMPILATION_CONDITIONS = DEBUG;
				SWIFT_OPTIMIZATION_LEVEL = "-Onone";
			};
			name = Debug;
		};
		067D206422514E1A00B7940C /* Release */ = {
			isa = XCBuildConfiguration;
			buildSettings = {
				ALWAYS_SEARCH_USER_PATHS = NO;
				CLANG_ANALYZER_NONNULL = YES;
				CLANG_ANALYZER_NUMBER_OBJECT_CONVERSION = YES_AGGRESSIVE;
				CLANG_CXX_LANGUAGE_STANDARD = "gnu++14";
				CLANG_CXX_LIBRARY = "libc++";
				CLANG_ENABLE_MODULES = YES;
				CLANG_ENABLE_OBJC_ARC = YES;
				CLANG_ENABLE_OBJC_WEAK = YES;
				CLANG_WARN_BLOCK_CAPTURE_AUTORELEASING = YES;
				CLANG_WARN_BOOL_CONVERSION = YES;
				CLANG_WARN_COMMA = YES;
				CLANG_WARN_CONSTANT_CONVERSION = YES;
				CLANG_WARN_DEPRECATED_OBJC_IMPLEMENTATIONS = YES;
				CLANG_WARN_DIRECT_OBJC_ISA_USAGE = YES_ERROR;
				CLANG_WARN_DOCUMENTATION_COMMENTS = YES;
				CLANG_WARN_EMPTY_BODY = YES;
				CLANG_WARN_ENUM_CONVERSION = YES;
				CLANG_WARN_INFINITE_RECURSION = YES;
				CLANG_WARN_INT_CONVERSION = YES;
				CLANG_WARN_NON_LITERAL_NULL_CONVERSION = YES;
				CLANG_WARN_OBJC_IMPLICIT_RETAIN_SELF = YES;
				CLANG_WARN_OBJC_LITERAL_CONVERSION = YES;
				CLANG_WARN_OBJC_ROOT_CLASS = YES_ERROR;
				CLANG_WARN_RANGE_LOOP_ANALYSIS = YES;
				CLANG_WARN_STRICT_PROTOTYPES = YES;
				CLANG_WARN_SUSPICIOUS_MOVE = YES;
				CLANG_WARN_UNGUARDED_AVAILABILITY = YES_AGGRESSIVE;
				CLANG_WARN_UNREACHABLE_CODE = YES;
				CLANG_WARN__DUPLICATE_METHOD_MATCH = YES;
				CODE_SIGN_IDENTITY = "iPhone Developer";
				COPY_PHASE_STRIP = NO;
				DEBUG_INFORMATION_FORMAT = "dwarf-with-dsym";
				ENABLE_NS_ASSERTIONS = NO;
				ENABLE_STRICT_OBJC_MSGSEND = YES;
				GCC_C_LANGUAGE_STANDARD = gnu11;
				GCC_NO_COMMON_BLOCKS = YES;
				GCC_WARN_64_TO_32_BIT_CONVERSION = YES;
				GCC_WARN_ABOUT_RETURN_TYPE = YES_ERROR;
				GCC_WARN_UNDECLARED_SELECTOR = YES;
				GCC_WARN_UNINITIALIZED_AUTOS = YES_AGGRESSIVE;
				GCC_WARN_UNUSED_FUNCTION = YES;
				GCC_WARN_UNUSED_VARIABLE = YES;
				IPHONEOS_DEPLOYMENT_TARGET = 12.1;
				MTL_ENABLE_DEBUG_INFO = NO;
				MTL_FAST_MATH = YES;
				SDKROOT = iphoneos;
				SWIFT_COMPILATION_MODE = wholemodule;
				SWIFT_OPTIMIZATION_LEVEL = "-O";
				VALIDATE_PRODUCT = YES;
			};
			name = Release;
		};
		067D206622514E1A00B7940C /* Debug */ = {
			isa = XCBuildConfiguration;
			buildSettings = {
				ASSETCATALOG_COMPILER_APPICON_NAME = AppIcon;
				CODE_SIGN_STYLE = Automatic;
				INFOPLIST_FILE = termProject/Info.plist;
				LD_RUNPATH_SEARCH_PATHS = (
					"$(inherited)",
					"@executable_path/Frameworks",
				);
				PRODUCT_BUNDLE_IDENTIFIER = con.toby.practice.termProject;
				PRODUCT_NAME = "$(TARGET_NAME)";
				SWIFT_VERSION = 4.2;
				TARGETED_DEVICE_FAMILY = "1,2";
			};
			name = Debug;
		};
		067D206722514E1A00B7940C /* Release */ = {
			isa = XCBuildConfiguration;
			buildSettings = {
				ASSETCATALOG_COMPILER_APPICON_NAME = AppIcon;
				CODE_SIGN_STYLE = Automatic;
				INFOPLIST_FILE = termProject/Info.plist;
				LD_RUNPATH_SEARCH_PATHS = (
					"$(inherited)",
					"@executable_path/Frameworks",
				);
				PRODUCT_BUNDLE_IDENTIFIER = con.toby.practice.termProject;
				PRODUCT_NAME = "$(TARGET_NAME)";
				SWIFT_VERSION = 4.2;
				TARGETED_DEVICE_FAMILY = "1,2";
			};
			name = Release;
		};
/* End XCBuildConfiguration section */

/* Begin XCConfigurationList section */
		067D204E22514E1900B7940C /* Build configuration list for PBXProject "termProject" */ = {
			isa = XCConfigurationList;
			buildConfigurations = (
				067D206322514E1A00B7940C /* Debug */,
				067D206422514E1A00B7940C /* Release */,
			);
			defaultConfigurationIsVisible = 0;
			defaultConfigurationName = Release;
		};
		067D206522514E1A00B7940C /* Build configuration list for PBXNativeTarget "termProject" */ = {
			isa = XCConfigurationList;
			buildConfigurations = (
				067D206622514E1A00B7940C /* Debug */,
				067D206722514E1A00B7940C /* Release */,
			);
			defaultConfigurationIsVisible = 0;
			defaultConfigurationName = Release;
		};
/* End XCConfigurationList section */
	};
	rootObject = 067D204B22514E1900B7940C /* Project object */;
}
